
Microsoft Visual Studio Solution File, Format Version 12.00
# Visual Studio 15
Project("{FAE04EC0-301F-11D3-BF4B-00C04F79EFBC}") = "Assembly-CSharp", "Assembly-CSharp.csproj", "{E9CFE341-6E3F-2310-0882-712BFAC4CF37}"
EndProject
Project("{FAE04EC0-301F-11D3-BF4B-00C04F79EFBC}") = "Assembly-CSharp-firstpass", "Assembly-CSharp-firstpass.csproj", "{FF9993B6-E198-FFAC-866F-CC486A3110B8}"
EndProject
Project("{FAE04EC0-301F-11D3-BF4B-00C04F79EFBC}") = "Assembly-CSharp-Editor-firstpass", "Assembly-CSharp-Editor-firstpass.csproj", "{C5F35AA3-CAC4-80C6-85C0-0F984358BDCF}"
EndProject
Global
	GlobalSection(SolutionConfigurationPlatforms) = preSolution
		Debug|Any CPU = Debug|Any CPU
		Release|Any CPU = Release|Any CPU
	EndGlobalSection
	GlobalSection(ProjectConfigurationPlatforms) = postSolution
		{E9CFE341-6E3F-2310-0882-712BFAC4CF37}.Debug|Any CPU.ActiveCfg = Debug|Any CPU
		{E9CFE341-6E3F-2310-0882-712BFAC4CF37}.Debug|Any CPU.Build.0 = Debug|Any CPU
		{E9CFE341-6E3F-2310-0882-712BFAC4CF37}.Release|Any CPU.ActiveCfg = Release|Any CPU
		{E9CFE341-6E3F-2310-0882-712BFAC4CF37}.Release|Any CPU.Build.0 = Release|Any CPU
		{FF9993B6-E198-FFAC-866F-CC486A3110B8}.Debug|Any CPU.ActiveCfg = Debug|Any CPU
		{FF9993B6-E198-FFAC-866F-CC486A3110B8}.Debug|Any CPU.Build.0 = Debug|Any CPU
		{FF9993B6-E198-FFAC-866F-CC486A3110B8}.Release|Any CPU.ActiveCfg = Release|Any CPU
		{FF9993B6-E198-FFAC-866F-CC486A3110B8}.Release|Any CPU.Build.0 = Release|Any CPU
		{C5F35AA3-CAC4-80C6-85C0-0F984358BDCF}.Debug|Any CPU.ActiveCfg = Debug|Any CPU
		{C5F35AA3-CAC4-80C6-85C0-0F984358BDCF}.Debug|Any CPU.Build.0 = Debug|Any CPU
		{C5F35AA3-CAC4-80C6-85C0-0F984358BDCF}.Release|Any CPU.ActiveCfg = Release|Any CPU
		{C5F35AA3-CAC4-80C6-85C0-0F984358BDCF}.Release|Any CPU.Build.0 = Release|Any CPU
	EndGlobalSection
	GlobalSection(SolutionProperties) = preSolution
		HideSolutionNode = FALSE
	EndGlobalSection
EndGlobal
