
Microsoft Visual Studio Solution File, Format Version 12.00
# Visual Studio 15
Project("{FAE04EC0-301F-11D3-BF4B-00C04F79EFBC}") = "Assembly-CSharp", "Assembly-CSharp.csproj", "{A91C811F-FA85-68F3-16C2-6002F1333A73}"
EndProject
Project("{FAE04EC0-301F-11D3-BF4B-00C04F79EFBC}") = "Assembly-CSharp-Editor", "Assembly-CSharp-Editor.csproj", "{DF4A33DE-767E-5232-FE22-8A9DA25C6F2E}"
EndProject
Global
	GlobalSection(SolutionConfigurationPlatforms) = preSolution
		Debug|Any CPU = Debug|Any CPU
		Release|Any CPU = Release|Any CPU
	EndGlobalSection
	GlobalSection(ProjectConfigurationPlatforms) = postSolution
		{A91C811F-FA85-68F3-16C2-6002F1333A73}.Debug|Any CPU.ActiveCfg = Debug|Any CPU
		{A91C811F-FA85-68F3-16C2-6002F1333A73}.Debug|Any CPU.Build.0 = Debug|Any CPU
		{A91C811F-FA85-68F3-16C2-6002F1333A73}.Release|Any CPU.ActiveCfg = Release|Any CPU
		{A91C811F-FA85-68F3-16C2-6002F1333A73}.Release|Any CPU.Build.0 = Release|Any CPU
		{DF4A33DE-767E-5232-FE22-8A9DA25C6F2E}.Debug|Any CPU.ActiveCfg = Debug|Any CPU
		{DF4A33DE-767E-5232-FE22-8A9DA25C6F2E}.Debug|Any CPU.Build.0 = Debug|Any CPU
		{DF4A33DE-767E-5232-FE22-8A9DA25C6F2E}.Release|Any CPU.ActiveCfg = Release|Any CPU
		{DF4A33DE-767E-5232-FE22-8A9DA25C6F2E}.Release|Any CPU.Build.0 = Release|Any CPU
	EndGlobalSection
	GlobalSection(SolutionProperties) = preSolution
		HideSolutionNode = FALSE
	EndGlobalSection
EndGlobal
